Microsoft Visual Studio Solution File, Format Version 11.00
# Visual Studio 2010
Project("{FAE04EC0-301F-11D3-BF4B-00C04F79EFBC}") = "TestApp", "TestApp\TestApp.csproj", "{A39A63FC-34D9-4B17-9816-1F9EA6E67695}"
EndProject
Project("{FAE04EC0-301F-11D3-BF4B-00C04F79EFBC}") = "UsbUirtManagedWrapper", "UsbUirt Managed Wrapper\UsbUirtManagedWrapper.csproj", "{3375BCA8-6372-40D4-86A9-AFB4E9F93766}"
EndProject
Global
	GlobalSection(SolutionConfigurationPlatforms) = preSolution
		Debug|Any CPU = Debug|Any CPU
		Release|Any CPU = Release|Any CPU
	EndGlobalSection
	GlobalSection(ProjectConfigurationPlatforms) = postSolution
		{A39A63FC-34D9-4B17-9816-1F9EA6E67695}.Debug|Any CPU.ActiveCfg = Debug|Any CPU
		{A39A63FC-34D9-4B17-9816-1F9EA6E67695}.Debug|Any CPU.Build.0 = Debug|Any CPU
		{A39A63FC-34D9-4B17-9816-1F9EA6E67695}.Release|Any CPU.ActiveCfg = Release|Any CPU
		{A39A63FC-34D9-4B17-9816-1F9EA6E67695}.Release|Any CPU.Build.0 = Release|Any CPU
		{3375BCA8-6372-40D4-86A9-AFB4E9F93766}.Debug|Any CPU.ActiveCfg = Debug|Any CPU
		{3375BCA8-6372-40D4-86A9-AFB4E9F93766}.Debug|Any CPU.Build.0 = Debug|Any CPU
		{3375BCA8-6372-40D4-86A9-AFB4E9F93766}.Release|Any CPU.ActiveCfg = Release|Any CPU
		{3375BCA8-6372-40D4-86A9-AFB4E9F93766}.Release|Any CPU.Build.0 = Release|Any CPU
	EndGlobalSection
	GlobalSection(SolutionProperties) = preSolution
		HideSolutionNode = FALSE
	EndGlobalSection
EndGlobal
